{
  "name": "germany",
  "version": "1.0.0",
  "lockfileVersion": 3,
  "requires": true,
  "packages": {
    "": {
      "name": "germany",
      "version": "1.0.0",
      "license": "ISC",
      "dependencies": {
        "@fontsource/fredoka": "^5.3.0",
        "@fontsource/pacifico": "^5.3.0"
      }
    },
    "node_modules/@fontsource/fredoka": {
      "version": "5.3.0",
      "resolved": "https://registry.npmjs.org/@fontsource/fredoka/-/fredoka-5.3.0.tgz",
      "integrity": "sha512-s2IhjQ50wDnKkkaKmjhtL0rxQg6ITsVusiipM3m7zUwVZZbbCKsscNDkngwp28xVzfIt7neWrkgU1qKqyTycQg==",
      "license": "OFL-1.1",
      "funding": {
        "url": "https://github.com/sponsors/ayuhito"
      }
    },
    "node_modules/@fontsource/pacifico": {
      "version": "5.3.0",
      "resolved": "https://registry.npmjs.org/@fontsource/pacifico/-/pacifico-5.3.0.tgz",
      "integrity": "sha512-bWv0fHR1n36p7scRn+maaEaVeQCOq9yvfVfjyAeUzKrK4Y/3qiRAEj4hJgfxj/sjgZZGkeHyKPrbWdDaZtpCVw==",
      "license": "OFL-1.1",
      "funding": {
        "url": "https://github.com/sponsors/ayuhito"
      }
    }
  }
}
